
Microsoft Visual Studio Solution File, Format Version 12.00
# Visual Studio Version 16
VisualStudioVersion = 16.0.30225.117
MinimumVisualStudioVersion = 10.0.40219.1
Project("{FAE04EC0-301F-11D3-BF4B-00C04F79EFBC}") = "Database", "Database\Database.csproj", "{6A98422C-A729-4F38-B630-CEF33B3232C6}"
EndProject
Project("{FAE04EC0-301F-11D3-BF4B-00C04F79EFBC}") = "DatabaseTest", "DatabaseTest\DatabaseTest.csproj", "{73BB6DCC-44E4-4826-841F-46395A48FA95}"
EndProject
Global
	GlobalSection(SolutionConfigurationPlatforms) = preSolution
		Debug|Any CPU = Debug|Any CPU
		Release|Any CPU = Release|Any CPU
	EndGlobalSection
	GlobalSection(ProjectConfigurationPlatforms) = postSolution
		{6A98422C-A729-4F38-B630-CEF33B3232C6}.Debug|Any CPU.ActiveCfg = Debug|Any CPU
		{6A98422C-A729-4F38-B630-CEF33B3232C6}.Debug|Any CPU.Build.0 = Debug|Any CPU
		{6A98422C-A729-4F38-B630-CEF33B3232C6}.Release|Any CPU.ActiveCfg = Release|Any CPU
		{6A98422C-A729-4F38-B630-CEF33B3232C6}.Release|Any CPU.Build.0 = Release|Any CPU
		{73BB6DCC-44E4-4826-841F-46395A48FA95}.Debug|Any CPU.ActiveCfg = Debug|Any CPU
		{73BB6DCC-44E4-4826-841F-46395A48FA95}.Debug|Any CPU.Build.0 = Debug|Any CPU
		{73BB6DCC-44E4-4826-841F-46395A48FA95}.Release|Any CPU.ActiveCfg = Release|Any CPU
		{73BB6DCC-44E4-4826-841F-46395A48FA95}.Release|Any CPU.Build.0 = Release|Any CPU
	EndGlobalSection
	GlobalSection(SolutionProperties) = preSolution
		HideSolutionNode = FALSE
	EndGlobalSection
	GlobalSection(ExtensibilityGlobals) = postSolution
		SolutionGuid = {DFF916F6-7DB1-4966-BB30-9790395F2B57}
	EndGlobalSection
EndGlobal
